// !$*UTF8*$!
{
	archiveVersion = 1;
	classes = {
	};
	objectVersion = 46;
	objects = {

/* Begin PBXBuildFile section */
		48C84D561E1DF02E00F103A7 /* main.m in Sources */ = {isa = PBXBuildFile; fileRef = 48C84D551E1DF02E00F103A7 /* main.m */; };
		48C84D591E1DF02E00F103A7 /* AppDelegate.m in Sources */ = {isa = PBXBuildFile; fileRef = 48C84D581E1DF02E00F103A7 /* AppDelegate.m */; };
		48C84D5C1E1DF02E00F103A7 /* ViewController.m in Sources */ = {isa = PBXBuildFile; fileRef = 48C84D5B1E1DF02E00F103A7 /* ViewController.m */; };
		48C84D5F1E1DF02E00F103A7 /* Main.storyboard in Resources */ = {isa = PBXBuildFile; fileRef = 48C84D5D1E1DF02E00F103A7 /* Main.storyboard */; };
		48C84D611E1DF02E00F103A7 /* Assets.xcassets in Resources */ = {isa = PBXBuildFile; fileRef = 48C84D601E1DF02E00F103A7 /* Assets.xcassets */; };
		48C84D641E1DF02E00F103A7 /* LaunchScreen.storyboard in Resources */ = {isa = PBXBuildFile; fileRef = 48C84D621E1DF02E00F103A7 /* LaunchScreen.storyboard */; };
		48C84D711E1E328300F103A7 /* MusicInOrderView.m in Sources */ = {isa = PBXBuildFile; fileRef = 48C84D701E1E328300F103A7 /* MusicInOrderView.m */; };
		48C84D8D1E1E69A600F103A7 /* MASCompositeConstraint.m in Sources */ = {isa = PBXBuildFile; fileRef = 48C84D751E1E69A600F103A7 /* MASCompositeConstraint.m */; };
		48C84D8E1E1E69A600F103A7 /* MASConstraint.m in Sources */ = {isa = PBXBuildFile; fileRef = 48C84D771E1E69A600F103A7 /* MASConstraint.m */; };
		48C84D8F1E1E69A600F103A7 /* MASConstraintMaker.m in Sources */ = {isa = PBXBuildFile; fileRef = 48C84D7A1E1E69A600F103A7 /* MASConstraintMaker.m */; };
		48C84D901E1E69A600F103A7 /* MASLayoutConstraint.m in Sources */ = {isa = PBXBuildFile; fileRef = 48C84D7C1E1E69A600F103A7 /* MASLayoutConstraint.m */; };
		48C84D911E1E69A600F103A7 /* MASViewAttribute.m in Sources */ = {isa = PBXBuildFile; fileRef = 48C84D801E1E69A600F103A7 /* MASViewAttribute.m */; };
		48C84D921E1E69A600F103A7 /* MASViewConstraint.m in Sources */ = {isa = PBXBuildFile; fileRef = 48C84D821E1E69A600F103A7 /* MASViewConstraint.m */; };
		48C84D931E1E69A600F103A7 /* NSArray+MASAdditions.m in Sources */ = {isa = PBXBuildFile; fileRef = 48C84D841E1E69A600F103A7 /* NSArray+MASAdditions.m */; };
		48C84D941E1E69A600F103A7 /* NSLayoutConstraint+MASDebugAdditions.m in Sources */ = {isa = PBXBuildFile; fileRef = 48C84D871E1E69A600F103A7 /* NSLayoutConstraint+MASDebugAdditions.m */; };
		48C84D951E1E69A600F103A7 /* View+MASAdditions.m in Sources */ = {isa = PBXBuildFile; fileRef = 48C84D891E1E69A600F103A7 /* View+MASAdditions.m */; };
		48C84D961E1E69A600F103A7 /* ViewController+MASAdditions.m in Sources */ = {isa = PBXBuildFile; fileRef = 48C84D8C1E1E69A600F103A7 /* ViewController+MASAdditions.m */; };
		48F017571E276194005A2206 /* room_musicBtn_bg@2x.png in Resources */ = {isa = PBXBuildFile; fileRef = 48F017531E276194005A2206 /* room_musicBtn_bg@2x.png */; };
		48F017581E276194005A2206 /* room_musicBtn_bg@3x.png in Resources */ = {isa = PBXBuildFile; fileRef = 48F017541E276194005A2206 /* room_musicBtn_bg@3x.png */; };
		48F017591E276194005A2206 /* room_musicBtn_opened@2x.png in Resources */ = {isa = PBXBuildFile; fileRef = 48F017551E276194005A2206 /* room_musicBtn_opened@2x.png */; };
		48F0175A1E276194005A2206 /* room_musicBtn_opened@3x.png in Resources */ = {isa = PBXBuildFile; fileRef = 48F017561E276194005A2206 /* room_musicBtn_opened@3x.png */; };
		48F0175F1E2765A1005A2206 /* RoomMusicButton.m in Sources */ = {isa = PBXBuildFile; fileRef = 48F0175E1E2765A1005A2206 /* RoomMusicButton.m */; };
/* End PBXBuildFile section */

/* Begin PBXFileReference section */
		48C84D511E1DF02E00F103A7 /* CYAnimation.app */ = {isa = PBXFileReference; explicitFileType = wrapper.application; includeInIndex = 0; path = CYAnimation.app; sourceTree = BUILT_PRODUCTS_DIR; };
		48C84D551E1DF02E00F103A7 /* main.m */ = {isa = PBXFileReference; lastKnownFileType = sourcecode.c.objc; path = main.m; sourceTree = "<group>"; };
		48C84D571E1DF02E00F103A7 /* AppDelegate.h */ = {isa = PBXFileReference; lastKnownFileType = sourcecode.c.h; path = AppDelegate.h; sourceTree = "<group>"; };
		48C84D581E1DF02E00F103A7 /* AppDelegate.m */ = {isa = PBXFileReference; lastKnownFileType = sourcecode.c.objc; path = AppDelegate.m; sourceTree = "<group>"; };
		48C84D5A1E1DF02E00F103A7 /* ViewController.h */ = {isa = PBXFileReference; lastKnownFileType = sourcecode.c.h; path = ViewController.h; sourceTree = "<group>"; };
		48C84D5B1E1DF02E00F103A7 /* ViewController.m */ = {isa = PBXFileReference; lastKnownFileType = sourcecode.c.objc; path = ViewController.m; sourceTree = "<group>"; };
		48C84D5E1E1DF02E00F103A7 /* Base */ = {isa = PBXFileReference; lastKnownFileType = file.storyboard; name = Base; path = Base.lproj/Main.storyboard; sourceTree = "<group>"; };
		48C84D601E1DF02E00F103A7 /* Assets.xcassets */ = {isa = PBXFileReference; lastKnownFileType = folder.assetcatalog; path = Assets.xcassets; sourceTree = "<group>"; };
		48C84D631E1DF02E00F103A7 /* Base */ = {isa = PBXFileReference; lastKnownFileType = file.storyboard; name = Base; path = Base.lproj/LaunchScreen.storyboard; sourceTree = "<group>"; };
		48C84D651E1DF02E00F103A7 /* Info.plist */ = {isa = PBXFileReference; lastKnownFileType = text.plist.xml; path = Info.plist; sourceTree = "<group>"; };
		48C84D6F1E1E328300F103A7 /* MusicInOrderView.h */ = {isa = PBXFileReference; fileEncoding = 4; lastKnownFileType = sourcecode.c.h; name = MusicInOrderView.h; path = Animation/ChatHallMusic/View/MusicInOrderView.h; sourceTree = "<group>"; };
		48C84D701E1E328300F103A7 /* MusicInOrderView.m */ = {isa = PBXFileReference; fileEncoding = 4; lastKnownFileType = sourcecode.c.objc; name = MusicInOrderView.m; path = Animation/ChatHallMusic/View/MusicInOrderView.m; sourceTree = "<group>"; };
		48C84D741E1E69A600F103A7 /* MASCompositeConstraint.h */ = {isa = PBXFileReference; fileEncoding = 4; lastKnownFileType = sourcecode.c.h; name = MASCompositeConstraint.h; path = ThirdParties/Masonry/MASCompositeConstraint.h; sourceTree = "<group>"; };
		48C84D751E1E69A600F103A7 /* MASCompositeConstraint.m */ = {isa = PBXFileReference; fileEncoding = 4; lastKnownFileType = sourcecode.c.objc; name = MASCompositeConstraint.m; path = ThirdParties/Masonry/MASCompositeConstraint.m; sourceTree = "<group>"; };
		48C84D761E1E69A600F103A7 /* MASConstraint.h */ = {isa = PBXFileReference; fileEncoding = 4; lastKnownFileType = sourcecode.c.h; name = MASConstraint.h; path = ThirdParties/Masonry/MASConstraint.h; sourceTree = "<group>"; };
		48C84D771E1E69A600F103A7 /* MASConstraint.m */ = {isa = PBXFileReference; fileEncoding = 4; lastKnownFileType = sourcecode.c.objc; name = MASConstraint.m; path = ThirdParties/Masonry/MASConstraint.m; sourceTree = "<group>"; };
		48C84D781E1E69A600F103A7 /* MASConstraint+Private.h */ = {isa = PBXFileReference; fileEncoding = 4; lastKnownFileType = sourcecode.c.h; name = "MASConstraint+Private.h"; path = "ThirdParties/Masonry/MASConstraint+Private.h"; sourceTree = "<group>"; };
		48C84D791E1E69A600F103A7 /* MASConstraintMaker.h */ = {isa = PBXFileReference; fileEncoding = 4; lastKnownFileType = sourcecode.c.h; name = MASConstraintMaker.h; path = ThirdParties/Masonry/MASConstraintMaker.h; sourceTree = "<group>"; };
		48C84D7A1E1E69A600F103A7 /* MASConstraintMaker.m */ = {isa = PBXFileReference; fileEncoding = 4; lastKnownFileType = sourcecode.c.objc; name = MASConstraintMaker.m; path = ThirdParties/Masonry/MASConstraintMaker.m; sourceTree = "<group>"; };
		48C84D7B1E1E69A600F103A7 /* MASLayoutConstraint.h */ = {isa = PBXFileReference; fileEncoding = 4; lastKnownFileType = sourcecode.c.h; name = MASLayoutConstraint.h; path = ThirdParties/Masonry/MASLayoutConstraint.h; sourceTree = "<group>"; };
		48C84D7C1E1E69A600F103A7 /* MASLayoutConstraint.m */ = {isa = PBXFileReference; fileEncoding = 4; lastKnownFileType = sourcecode.c.objc; name = MASLayoutConstraint.m; path = ThirdParties/Masonry/MASLayoutConstraint.m; sourceTree = "<group>"; };
		48C84D7D1E1E69A600F103A7 /* Masonry.h */ = {isa = PBXFileReference; fileEncoding = 4; lastKnownFileType = sourcecode.c.h; name = Masonry.h; path = ThirdParties/Masonry/Masonry.h; sourceTree = "<group>"; };
		48C84D7E1E1E69A600F103A7 /* MASUtilities.h */ = {isa = PBXFileReference; fileEncoding = 4; lastKnownFileType = sourcecode.c.h; name = MASUtilities.h; path = ThirdParties/Masonry/MASUtilities.h; sourceTree = "<group>"; };
		48C84D7F1E1E69A600F103A7 /* MASViewAttribute.h */ = {isa = PBXFileReference; fileEncoding = 4; lastKnownFileType = sourcecode.c.h; name = MASViewAttribute.h; path = ThirdParties/Masonry/MASViewAttribute.h; sourceTree = "<group>"; };
		48C84D801E1E69A600F103A7 /* MASViewAttribute.m */ = {isa = PBXFileReference; fileEncoding = 4; lastKnownFileType = sourcecode.c.objc; name = MASViewAttribute.m; path = ThirdParties/Masonry/MASViewAttribute.m; sourceTree = "<group>"; };
		48C84D811E1E69A600F103A7 /* MASViewConstraint.h */ = {isa = PBXFileReference; fileEncoding = 4; lastKnownFileType = sourcecode.c.h; name = MASViewConstraint.h; path = ThirdParties/Masonry/MASViewConstraint.h; sourceTree = "<group>"; };
		48C84D821E1E69A600F103A7 /* MASViewConstraint.m */ = {isa = PBXFileReference; fileEncoding = 4; lastKnownFileType = sourcecode.c.objc; name = MASViewConstraint.m; path = ThirdParties/Masonry/MASViewConstraint.m; sourceTree = "<group>"; };
		48C84D831E1E69A600F103A7 /* NSArray+MASAdditions.h */ = {isa = PBXFileReference; fileEncoding = 4; lastKnownFileType = sourcecode.c.h; name = "NSArray+MASAdditions.h"; path = "ThirdParties/Masonry/NSArray+MASAdditions.h"; sourceTree = "<group>"; };
		48C84D841E1E69A600F103A7 /* NSArray+MASAdditions.m */ = {isa = PBXFileReference; fileEncoding = 4; lastKnownFileType = sourcecode.c.objc; name = "NSArray+MASAdditions.m"; path = "ThirdParties/Masonry/NSArray+MASAdditions.m"; sourceTree = "<group>"; };
		48C84D851E1E69A600F103A7 /* NSArray+MASShorthandAdditions.h */ = {isa = PBXFileReference; fileEncoding = 4; lastKnownFileType = sourcecode.c.h; name = "NSArray+MASShorthandAdditions.h"; path = "ThirdParties/Masonry/NSArray+MASShorthandAdditions.h"; sourceTree = "<group>"; };
		48C84D861E1E69A600F103A7 /* NSLayoutConstraint+MASDebugAdditions.h */ = {isa = PBXFileReference; fileEncoding = 4; lastKnownFileType = sourcecode.c.h; name = "NSLayoutConstraint+MASDebugAdditions.h"; path = "ThirdParties/Masonry/NSLayoutConstraint+MASDebugAdditions.h"; sourceTree = "<group>"; };
		48C84D871E1E69A600F103A7 /* NSLayoutConstraint+MASDebugAdditions.m */ = {isa = PBXFileReference; fileEncoding = 4; lastKnownFileType = sourcecode.c.objc; name = "NSLayoutConstraint+MASDebugAdditions.m"; path = "ThirdParties/Masonry/NSLayoutConstraint+MASDebugAdditions.m"; sourceTree = "<group>"; };
		48C84D881E1E69A600F103A7 /* View+MASAdditions.h */ = {isa = PBXFileReference; fileEncoding = 4; lastKnownFileType = sourcecode.c.h; name = "View+MASAdditions.h"; path = "ThirdParties/Masonry/View+MASAdditions.h"; sourceTree = "<group>"; };
		48C84D891E1E69A600F103A7 /* View+MASAdditions.m */ = {isa = PBXFileReference; fileEncoding = 4; lastKnownFileType = sourcecode.c.objc; name = "View+MASAdditions.m"; path = "ThirdParties/Masonry/View+MASAdditions.m"; sourceTree = "<group>"; };
		48C84D8A1E1E69A600F103A7 /* View+MASShorthandAdditions.h */ = {isa = PBXFileReference; fileEncoding = 4; lastKnownFileType = sourcecode.c.h; name = "View+MASShorthandAdditions.h"; path = "ThirdParties/Masonry/View+MASShorthandAdditions.h"; sourceTree = "<group>"; };
		48C84D8B1E1E69A600F103A7 /* ViewController+MASAdditions.h */ = {isa = PBXFileReference; fileEncoding = 4; lastKnownFileType = sourcecode.c.h; name = "ViewController+MASAdditions.h"; path = "ThirdParties/Masonry/ViewController+MASAdditions.h"; sourceTree = "<group>"; };
		48C84D8C1E1E69A600F103A7 /* ViewController+MASAdditions.m */ = {isa = PBXFileReference; fileEncoding = 4; lastKnownFileType = sourcecode.c.objc; name = "ViewController+MASAdditions.m"; path = "ThirdParties/Masonry/ViewController+MASAdditions.m"; sourceTree = "<group>"; };
		48F017531E276194005A2206 /* room_musicBtn_bg@2x.png */ = {isa = PBXFileReference; lastKnownFileType = image.png; name = "room_musicBtn_bg@2x.png"; path = "Resources/RoomMusicButton/room_musicBtn_bg@2x.png"; sourceTree = "<group>"; };
		48F017541E276194005A2206 /* room_musicBtn_bg@3x.png */ = {isa = PBXFileReference; lastKnownFileType = image.png; name = "room_musicBtn_bg@3x.png"; path = "Resources/RoomMusicButton/room_musicBtn_bg@3x.png"; sourceTree = "<group>"; };
		48F017551E276194005A2206 /* room_musicBtn_opened@2x.png */ = {isa = PBXFileReference; lastKnownFileType = image.png; name = "room_musicBtn_opened@2x.png"; path = "Resources/RoomMusicButton/room_musicBtn_opened@2x.png"; sourceTree = "<group>"; };
		48F017561E276194005A2206 /* room_musicBtn_opened@3x.png */ = {isa = PBXFileReference; lastKnownFileType = image.png; name = "room_musicBtn_opened@3x.png"; path = "Resources/RoomMusicButton/room_musicBtn_opened@3x.png"; sourceTree = "<group>"; };
		48F0175D1E2765A1005A2206 /* RoomMusicButton.h */ = {isa = PBXFileReference; fileEncoding = 4; lastKnownFileType = sourcecode.c.h; name = RoomMusicButton.h; path = EncloseView/RoomMusicButton/RoomMusicButton.h; sourceTree = "<group>"; };
		48F0175E1E2765A1005A2206 /* RoomMusicButton.m */ = {isa = PBXFileReference; fileEncoding = 4; lastKnownFileType = sourcecode.c.objc; name = RoomMusicButton.m; path = EncloseView/RoomMusicButton/RoomMusicButton.m; sourceTree = "<group>"; };
/* End PBXFileReference section */

/* Begin PBXFrameworksBuildPhase section */
		48C84D4E1E1DF02E00F103A7 /* Frameworks */ = {
			isa = PBXFrameworksBuildPhase;
			buildActionMask = 2147483647;
			files = (
			);
			runOnlyForDeploymentPostprocessing = 0;
		};
/* End PBXFrameworksBuildPhase section */

/* Begin PBXGroup section */
		48C84D481E1DF02E00F103A7 = {
			isa = PBXGroup;
			children = (
				48C84D531E1DF02E00F103A7 /* CYAnimation */,
				48C84D521E1DF02E00F103A7 /* Products */,
			);
			sourceTree = "<group>";
		};
		48C84D521E1DF02E00F103A7 /* Products */ = {
			isa = PBXGroup;
			children = (
				48C84D511E1DF02E00F103A7 /* CYAnimation.app */,
			);
			name = Products;
			sourceTree = "<group>";
		};
		48C84D531E1DF02E00F103A7 /* CYAnimation */ = {
			isa = PBXGroup;
			children = (
				48F0175B1E27628B005A2206 /* EncloseView */,
				48F017491E276134005A2206 /* Resources */,
				48C84D721E1E360100F103A7 /* ThirdParties */,
				48C84D6C1E1DF2E600F103A7 /* Animation */,
				48C84D571E1DF02E00F103A7 /* AppDelegate.h */,
				48C84D581E1DF02E00F103A7 /* AppDelegate.m */,
				48C84D5A1E1DF02E00F103A7 /* ViewController.h */,
				48C84D5B1E1DF02E00F103A7 /* ViewController.m */,
				48C84D5D1E1DF02E00F103A7 /* Main.storyboard */,
				48C84D601E1DF02E00F103A7 /* Assets.xcassets */,
				48C84D621E1DF02E00F103A7 /* LaunchScreen.storyboard */,
				48C84D651E1DF02E00F103A7 /* Info.plist */,
				48C84D541E1DF02E00F103A7 /* Supporting Files */,
			);
			path = CYAnimation;
			sourceTree = "<group>";
		};
		48C84D541E1DF02E00F103A7 /* Supporting Files */ = {
			isa = PBXGroup;
			children = (
				48C84D551E1DF02E00F103A7 /* main.m */,
			);
			name = "Supporting Files";
			sourceTree = "<group>";
		};
		48C84D6C1E1DF2E600F103A7 /* Animation */ = {
			isa = PBXGroup;
			children = (
				48C84D6D1E1DF36A00F103A7 /* ChatHallMusic */,
			);
			name = Animation;
			sourceTree = "<group>";
		};
		48C84D6D1E1DF36A00F103A7 /* ChatHallMusic */ = {
			isa = PBXGroup;
			children = (
				48C84D6E1E1DF37500F103A7 /* View */,
			);
			name = ChatHallMusic;
			sourceTree = "<group>";
		};
		48C84D6E1E1DF37500F103A7 /* View */ = {
			isa = PBXGroup;
			children = (
				48C84D6F1E1E328300F103A7 /* MusicInOrderView.h */,
				48C84D701E1E328300F103A7 /* MusicInOrderView.m */,
			);
			name = View;
			sourceTree = "<group>";
		};
		48C84D721E1E360100F103A7 /* ThirdParties */ = {
			isa = PBXGroup;
			children = (
				48C84D731E1E699200F103A7 /* Masonry */,
			);
			name = ThirdParties;
			sourceTree = "<group>";
		};
		48C84D731E1E699200F103A7 /* Masonry */ = {
			isa = PBXGroup;
			children = (
				48C84D741E1E69A600F103A7 /* MASCompositeConstraint.h */,
				48C84D751E1E69A600F103A7 /* MASCompositeConstraint.m */,
				48C84D761E1E69A600F103A7 /* MASConstraint.h */,
				48C84D771E1E69A600F103A7 /* MASConstraint.m */,
				48C84D781E1E69A600F103A7 /* MASConstraint+Private.h */,
				48C84D791E1E69A600F103A7 /* MASConstraintMaker.h */,
				48C84D7A1E1E69A600F103A7 /* MASConstraintMaker.m */,
				48C84D7B1E1E69A600F103A7 /* MASLayoutConstraint.h */,
				48C84D7C1E1E69A600F103A7 /* MASLayoutConstraint.m */,
				48C84D7D1E1E69A600F103A7 /* Masonry.h */,
				48C84D7E1E1E69A600F103A7 /* MASUtilities.h */,
				48C84D7F1E1E69A600F103A7 /* MASViewAttribute.h */,
				48C84D801E1E69A600F103A7 /* MASViewAttribute.m */,
				48C84D811E1E69A600F103A7 /* MASViewConstraint.h */,
				48C84D821E1E69A600F103A7 /* MASViewConstraint.m */,
				48C84D831E1E69A600F103A7 /* NSArray+MASAdditions.h */,
				48C84D841E1E69A600F103A7 /* NSArray+MASAdditions.m */,
				48C84D851E1E69A600F103A7 /* NSArray+MASShorthandAdditions.h */,
				48C84D861E1E69A600F103A7 /* NSLayoutConstraint+MASDebugAdditions.h */,
				48C84D871E1E69A600F103A7 /* NSLayoutConstraint+MASDebugAdditions.m */,
				48C84D881E1E69A600F103A7 /* View+MASAdditions.h */,
				48C84D891E1E69A600F103A7 /* View+MASAdditions.m */,
				48C84D8A1E1E69A600F103A7 /* View+MASShorthandAdditions.h */,
				48C84D8B1E1E69A600F103A7 /* ViewController+MASAdditions.h */,
				48C84D8C1E1E69A600F103A7 /* ViewController+MASAdditions.m */,
			);
			name = Masonry;
			sourceTree = "<group>";
		};
		48F017491E276134005A2206 /* Resources */ = {
			isa = PBXGroup;
			children = (
				48F017521E276185005A2206 /* RoomMusicButton */,
			);
			name = Resources;
			sourceTree = "<group>";
		};
		48F017521E276185005A2206 /* RoomMusicButton */ = {
			isa = PBXGroup;
			children = (
				48F017531E276194005A2206 /* room_musicBtn_bg@2x.png */,
				48F017541E276194005A2206 /* room_musicBtn_bg@3x.png */,
				48F017551E276194005A2206 /* room_musicBtn_opened@2x.png */,
				48F017561E276194005A2206 /* room_musicBtn_opened@3x.png */,
			);
			name = RoomMusicButton;
			sourceTree = "<group>";
		};
		48F0175B1E27628B005A2206 /* EncloseView */ = {
			isa = PBXGroup;
			children = (
				48F0175C1E276296005A2206 /* RoomMusicButton */,
			);
			name = EncloseView;
			sourceTree = "<group>";
		};
		48F0175C1E276296005A2206 /* RoomMusicButton */ = {
			isa = PBXGroup;
			children = (
				48F0175D1E2765A1005A2206 /* RoomMusicButton.h */,
				48F0175E1E2765A1005A2206 /* RoomMusicButton.m */,
			);
			name = RoomMusicButton;
			sourceTree = "<group>";
		};
/* End PBXGroup section */

/* Begin PBXNativeTarget section */
		48C84D501E1DF02E00F103A7 /* CYAnimation */ = {
			isa = PBXNativeTarget;
			buildConfigurationList = 48C84D681E1DF02E00F103A7 /* Build configuration list for PBXNativeTarget "CYAnimation" */;
			buildPhases = (
				48C84D4D1E1DF02E00F103A7 /* Sources */,
				48C84D4E1E1DF02E00F103A7 /* Frameworks */,
				48C84D4F1E1DF02E00F103A7 /* Resources */,
			);
			buildRules = (
			);
			dependencies = (
			);
			name = CYAnimation;
			productName = CYAnimation;
			productReference = 48C84D511E1DF02E00F103A7 /* CYAnimation.app */;
			productType = "com.apple.product-type.application";
		};
/* End PBXNativeTarget section */

/* Begin PBXProject section */
		48C84D491E1DF02E00F103A7 /* Project object */ = {
			isa = PBXProject;
			attributes = {
				LastUpgradeCheck = 0820;
				ORGANIZATIONNAME = "Yuwan Technology";
				TargetAttributes = {
					48C84D501E1DF02E00F103A7 = {
						CreatedOnToolsVersion = 8.2;
						DevelopmentTeam = 7J4WSR6GP8;
						ProvisioningStyle = Automatic;
					};
				};
			};
			buildConfigurationList = 48C84D4C1E1DF02E00F103A7 /* Build configuration list for PBXProject "CYAnimation" */;
			compatibilityVersion = "Xcode 3.2";
			developmentRegion = English;
			hasScannedForEncodings = 0;
			knownRegions = (
				en,
				Base,
			);
			mainGroup = 48C84D481E1DF02E00F103A7;
			productRefGroup = 48C84D521E1DF02E00F103A7 /* Products */;
			projectDirPath = "";
			projectRoot = "";
			targets = (
				48C84D501E1DF02E00F103A7 /* CYAnimation */,
			);
		};
/* End PBXProject section */

/* Begin PBXResourcesBuildPhase section */
		48C84D4F1E1DF02E00F103A7 /* Resources */ = {
			isa = PBXResourcesBuildPhase;
			buildActionMask = 2147483647;
			files = (
				48F0175A1E276194005A2206 /* room_musicBtn_opened@3x.png in Resources */,
				48C84D641E1DF02E00F103A7 /* LaunchScreen.storyboard in Resources */,
				48F017571E276194005A2206 /* room_musicBtn_bg@2x.png in Resources */,
				48C84D611E1DF02E00F103A7 /* Assets.xcassets in Resources */,
				48F017591E276194005A2206 /* room_musicBtn_opened@2x.png in Resources */,
				48F017581E276194005A2206 /* room_musicBtn_bg@3x.png in Resources */,
				48C84D5F1E1DF02E00F103A7 /* Main.storyboard in Resources */,
			);
			runOnlyForDeploymentPostprocessing = 0;
		};
/* End PBXResourcesBuildPhase section */

/* Begin PBXSourcesBuildPhase section */
		48C84D4D1E1DF02E00F103A7 /* Sources */ = {
			isa = PBXSourcesBuildPhase;
			buildActionMask = 2147483647;
			files = (
				48C84D8F1E1E69A600F103A7 /* MASConstraintMaker.m in Sources */,
				48C84D711E1E328300F103A7 /* MusicInOrderView.m in Sources */,
				48C84D5C1E1DF02E00F103A7 /* ViewController.m in Sources */,
				48C84D8E1E1E69A600F103A7 /* MASConstraint.m in Sources */,
				48C84D961E1E69A600F103A7 /* ViewController+MASAdditions.m in Sources */,
				48F0175F1E2765A1005A2206 /* RoomMusicButton.m in Sources */,
				48C84D901E1E69A600F103A7 /* MASLayoutConstraint.m in Sources */,
				48C84D931E1E69A600F103A7 /* NSArray+MASAdditions.m in Sources */,
				48C84D921E1E69A600F103A7 /* MASViewConstraint.m in Sources */,
				48C84D911E1E69A600F103A7 /* MASViewAttribute.m in Sources */,
				48C84D951E1E69A600F103A7 /* View+MASAdditions.m in Sources */,
				48C84D591E1DF02E00F103A7 /* AppDelegate.m in Sources */,
				48C84D561E1DF02E00F103A7 /* main.m in Sources */,
				48C84D8D1E1E69A600F103A7 /* MASCompositeConstraint.m in Sources */,
				48C84D941E1E69A600F103A7 /* NSLayoutConstraint+MASDebugAdditions.m in Sources */,
			);
			runOnlyForDeploymentPostprocessing = 0;
		};
/* End PBXSourcesBuildPhase section */

/* Begin PBXVariantGroup section */
		48C84D5D1E1DF02E00F103A7 /* Main.storyboard */ = {
			isa = PBXVariantGroup;
			children = (
				48C84D5E1E1DF02E00F103A7 /* Base */,
			);
			name = Main.storyboard;
			sourceTree = "<group>";
		};
		48C84D621E1DF02E00F103A7 /* LaunchScreen.storyboard */ = {
			isa = PBXVariantGroup;
			children = (
				48C84D631E1DF02E00F103A7 /* Base */,
			);
			name = LaunchScreen.storyboard;
			sourceTree = "<group>";
		};
/* End PBXVariantGroup section */

/* Begin XCBuildConfiguration section */
		48C84D661E1DF02E00F103A7 /* Debug */ = {
			isa = XCBuildConfiguration;
			buildSettings = {
				ALWAYS_SEARCH_USER_PATHS = NO;
				CLANG_ANALYZER_NONNULL = YES;
				CLANG_CXX_LANGUAGE_STANDARD = "gnu++0x";
				CLANG_CXX_LIBRARY = "libc++";
				CLANG_ENABLE_MODULES = YES;
				CLANG_ENABLE_OBJC_ARC = YES;
				CLANG_WARN_BOOL_CONVERSION = YES;
				CLANG_WARN_CONSTANT_CONVERSION = YES;
				CLANG_WARN_DIRECT_OBJC_ISA_USAGE = YES_ERROR;
				CLANG_WARN_DOCUMENTATION_COMMENTS = YES;
				CLANG_WARN_EMPTY_BODY = YES;
				CLANG_WARN_ENUM_CONVERSION = YES;
				CLANG_WARN_INFINITE_RECURSION = YES;
				CLANG_WARN_INT_CONVERSION = YES;
				CLANG_WARN_OBJC_ROOT_CLASS = YES_ERROR;
				CLANG_WARN_SUSPICIOUS_MOVE = YES;
				CLANG_WARN_UNREACHABLE_CODE = YES;
				CLANG_WARN__DUPLICATE_METHOD_MATCH = YES;
				"CODE_SIGN_IDENTITY[sdk=iphoneos*]" = "iPhone Developer";
				COPY_PHASE_STRIP = NO;
				DEBUG_INFORMATION_FORMAT = dwarf;
				ENABLE_STRICT_OBJC_MSGSEND = YES;
				ENABLE_TESTABILITY = YES;
				GCC_C_LANGUAGE_STANDARD = gnu99;
				GCC_DYNAMIC_NO_PIC = NO;
				GCC_NO_COMMON_BLOCKS = YES;
				GCC_OPTIMIZATION_LEVEL = 0;
				GCC_PREPROCESSOR_DEFINITIONS = (
					"DEBUG=1",
					"$(inherited)",
				);
				GCC_WARN_64_TO_32_BIT_CONVERSION = YES;
				GCC_WARN_ABOUT_RETURN_TYPE = YES_ERROR;
				GCC_WARN_UNDECLARED_SELECTOR = YES;
				GCC_WARN_UNINITIALIZED_AUTOS = YES_AGGRESSIVE;
				GCC_WARN_UNUSED_FUNCTION = YES;
				GCC_WARN_UNUSED_VARIABLE = YES;
				IPHONEOS_DEPLOYMENT_TARGET = 10.2;
				MTL_ENABLE_DEBUG_INFO = YES;
				ONLY_ACTIVE_ARCH = YES;
				SDKROOT = iphoneos;
				TARGETED_DEVICE_FAMILY = "1,2";
			};
			name = Debug;
		};
		48C84D671E1DF02E00F103A7 /* Release */ = {
			isa = XCBuildConfiguration;
			buildSettings = {
				ALWAYS_SEARCH_USER_PATHS = NO;
				CLANG_ANALYZER_NONNULL = YES;
				CLANG_CXX_LANGUAGE_STANDARD = "gnu++0x";
				CLANG_CXX_LIBRARY = "libc++";
				CLANG_ENABLE_MODULES = YES;
				CLANG_ENABLE_OBJC_ARC = YES;
				CLANG_WARN_BOOL_CONVERSION = YES;
				CLANG_WARN_CONSTANT_CONVERSION = YES;
				CLANG_WARN_DIRECT_OBJC_ISA_USAGE = YES_ERROR;
				CLANG_WARN_DOCUMENTATION_COMMENTS = YES;
				CLANG_WARN_EMPTY_BODY = YES;
				CLANG_WARN_ENUM_CONVERSION = YES;
				CLANG_WARN_INFINITE_RECURSION = YES;
				CLANG_WARN_INT_CONVERSION = YES;
				CLANG_WARN_OBJC_ROOT_CLASS = YES_ERROR;
				CLANG_WARN_SUSPICIOUS_MOVE = YES;
				CLANG_WARN_UNREACHABLE_CODE = YES;
				CLANG_WARN__DUPLICATE_METHOD_MATCH = YES;
				"CODE_SIGN_IDENTITY[sdk=iphoneos*]" = "iPhone Developer";
				COPY_PHASE_STRIP = NO;
				DEBUG_INFORMATION_FORMAT = "dwarf-with-dsym";
				ENABLE_NS_ASSERTIONS = NO;
				ENABLE_STRICT_OBJC_MSGSEND = YES;
				GCC_C_LANGUAGE_STANDARD = gnu99;
				GCC_NO_COMMON_BLOCKS = YES;
				GCC_WARN_64_TO_32_BIT_CONVERSION = YES;
				GCC_WARN_ABOUT_RETURN_TYPE = YES_ERROR;
				GCC_WARN_UNDECLARED_SELECTOR = YES;
				GCC_WARN_UNINITIALIZED_AUTOS = YES_AGGRESSIVE;
				GCC_WARN_UNUSED_FUNCTION = YES;
				GCC_WARN_UNUSED_VARIABLE = YES;
				IPHONEOS_DEPLOYMENT_TARGET = 10.2;
				MTL_ENABLE_DEBUG_INFO = NO;
				SDKROOT = iphoneos;
				TARGETED_DEVICE_FAMILY = "1,2";
				VALIDATE_PRODUCT = YES;
			};
			name = Release;
		};
		48C84D691E1DF02E00F103A7 /* Debug */ = {
			isa = XCBuildConfiguration;
			buildSettings = {
				ASSETCATALOG_COMPILER_APPICON_NAME = AppIcon;
				DEVELOPMENT_TEAM = 7J4WSR6GP8;
				INFOPLIST_FILE = CYAnimation/Info.plist;
				IPHONEOS_DEPLOYMENT_TARGET = 8.0;
				LD_RUNPATH_SEARCH_PATHS = "$(inherited) @executable_path/Frameworks";
				PRODUCT_BUNDLE_IDENTIFIER = com.CYAnimation;
				PRODUCT_NAME = "$(TARGET_NAME)";
			};
			name = Debug;
		};
		48C84D6A1E1DF02E00F103A7 /* Release */ = {
			isa = XCBuildConfiguration;
			buildSettings = {
				ASSETCATALOG_COMPILER_APPICON_NAME = AppIcon;
				DEVELOPMENT_TEAM = 7J4WSR6GP8;
				INFOPLIST_FILE = CYAnimation/Info.plist;
				IPHONEOS_DEPLOYMENT_TARGET = 8.0;
				LD_RUNPATH_SEARCH_PATHS = "$(inherited) @executable_path/Frameworks";
				PRODUCT_BUNDLE_IDENTIFIER = com.CYAnimation;
				PRODUCT_NAME = "$(TARGET_NAME)";
			};
			name = Release;
		};
/* End XCBuildConfiguration section */

/* Begin XCConfigurationList section */
		48C84D4C1E1DF02E00F103A7 /* Build configuration list for PBXProject "CYAnimation" */ = {
			isa = XCConfigurationList;
			buildConfigurations = (
				48C84D661E1DF02E00F103A7 /* Debug */,
				48C84D671E1DF02E00F103A7 /* Release */,
			);
			defaultConfigurationIsVisible = 0;
			defaultConfigurationName = Release;
		};
		48C84D681E1DF02E00F103A7 /* Build configuration list for PBXNativeTarget "CYAnimation" */ = {
			isa = XCConfigurationList;
			buildConfigurations = (
				48C84D691E1DF02E00F103A7 /* Debug */,
				48C84D6A1E1DF02E00F103A7 /* Release */,
			);
			defaultConfigurationIsVisible = 0;
			defaultConfigurationName = Release;
		};
/* End XCConfigurationList section */
	};
	rootObject = 48C84D491E1DF02E00F103A7 /* Project object */;
}
